// !$*UTF8*$!
{
	archiveVersion = 1;
	classes = {
	};
	objectVersion = 46;
	objects = {

/* Begin PBXBuildFile section */
		1B5EEDCB1C8A9E0200CE3649 /* main.m in Sources */ = {isa = PBXBuildFile; fileRef = 1B5EEDCA1C8A9E0200CE3649 /* main.m */; };
		1B5EEDCE1C8A9E0200CE3649 /* AppDelegate.m in Sources */ = {isa = PBXBuildFile; fileRef = 1B5EEDCD1C8A9E0200CE3649 /* AppDelegate.m */; };
		1B5EEDEA1C8A9EBA00CE3649 /* Assets.xcassets in Resources */ = {isa = PBXBuildFile; fileRef = 1B5EEDE11C8A9EBA00CE3649 /* Assets.xcassets */; };
		1B5EEDEB1C8A9EBA00CE3649 /* LaunchScreen.storyboard in Resources */ = {isa = PBXBuildFile; fileRef = 1B5EEDE21C8A9EBA00CE3649 /* LaunchScreen.storyboard */; };
		1B5EEDEC1C8A9EBA00CE3649 /* file.png in Resources */ = {isa = PBXBuildFile; fileRef = 1B5EEDE51C8A9EBA00CE3649 /* file.png */; };
		1B5EEDED1C8A9EBA00CE3649 /* folder.png in Resources */ = {isa = PBXBuildFile; fileRef = 1B5EEDE61C8A9EBA00CE3649 /* folder.png */; };
		1B5EEDF01C8A9EDE00CE3649 /* MTDirecoryViewController.m in Sources */ = {isa = PBXBuildFile; fileRef = 1B5EEDEF1C8A9EDE00CE3649 /* MTDirecoryViewController.m */; };
		1B5EEDF21C8A9EEE00CE3649 /* Storyboard_iphone.storyboard in Resources */ = {isa = PBXBuildFile; fileRef = 1B5EEDF11C8A9EEE00CE3649 /* Storyboard_iphone.storyboard */; };
/* End PBXBuildFile section */

/* Begin PBXFileReference section */
		1B5EEDC61C8A9E0200CE3649 /* MTFileManagerWithStoryBoard.app */ = {isa = PBXFileReference; explicitFileType = wrapper.application; includeInIndex = 0; path = MTFileManagerWithStoryBoard.app; sourceTree = BUILT_PRODUCTS_DIR; };
		1B5EEDCA1C8A9E0200CE3649 /* main.m */ = {isa = PBXFileReference; lastKnownFileType = sourcecode.c.objc; path = main.m; sourceTree = "<group>"; };
		1B5EEDCC1C8A9E0200CE3649 /* AppDelegate.h */ = {isa = PBXFileReference; lastKnownFileType = sourcecode.c.h; path = AppDelegate.h; sourceTree = "<group>"; };
		1B5EEDCD1C8A9E0200CE3649 /* AppDelegate.m */ = {isa = PBXFileReference; lastKnownFileType = sourcecode.c.objc; path = AppDelegate.m; sourceTree = "<group>"; };
		1B5EEDDA1C8A9E0200CE3649 /* Info.plist */ = {isa = PBXFileReference; lastKnownFileType = text.plist.xml; path = Info.plist; sourceTree = "<group>"; };
		1B5EEDE11C8A9EBA00CE3649 /* Assets.xcassets */ = {isa = PBXFileReference; lastKnownFileType = folder.assetcatalog; path = Assets.xcassets; sourceTree = "<group>"; };
		1B5EEDE31C8A9EBA00CE3649 /* Base */ = {isa = PBXFileReference; lastKnownFileType = file.storyboard; name = Base; path = Base.lproj/LaunchScreen.storyboard; sourceTree = "<group>"; };
		1B5EEDE51C8A9EBA00CE3649 /* file.png */ = {isa = PBXFileReference; lastKnownFileType = image.png; path = file.png; sourceTree = "<group>"; };
		1B5EEDE61C8A9EBA00CE3649 /* folder.png */ = {isa = PBXFileReference; lastKnownFileType = image.png; path = folder.png; sourceTree = "<group>"; };
		1B5EEDEE1C8A9EDE00CE3649 /* MTDirecoryViewController.h */ = {isa = PBXFileReference; fileEncoding = 4; lastKnownFileType = sourcecode.c.h; path = MTDirecoryViewController.h; sourceTree = "<group>"; };
		1B5EEDEF1C8A9EDE00CE3649 /* MTDirecoryViewController.m */ = {isa = PBXFileReference; fileEncoding = 4; lastKnownFileType = sourcecode.c.objc; path = MTDirecoryViewController.m; sourceTree = "<group>"; };
		1B5EEDF11C8A9EEE00CE3649 /* Storyboard_iphone.storyboard */ = {isa = PBXFileReference; fileEncoding = 4; lastKnownFileType = file.storyboard; path = Storyboard_iphone.storyboard; sourceTree = "<group>"; };
/* End PBXFileReference section */

/* Begin PBXFrameworksBuildPhase section */
		1B5EEDC31C8A9E0200CE3649 /* Frameworks */ = {
			isa = PBXFrameworksBuildPhase;
			buildActionMask = 2147483647;
			files = (
			);
			runOnlyForDeploymentPostprocessing = 0;
		};
/* End PBXFrameworksBuildPhase section */

/* Begin PBXGroup section */
		1B5EEDBD1C8A9E0200CE3649 = {
			isa = PBXGroup;
			children = (
				1B5EEDE01C8A9EBA00CE3649 /* Resource */,
				1B5EEDE71C8A9EBA00CE3649 /* Source */,
				1B5EEDC81C8A9E0200CE3649 /* MTFileManagerWithStoryBoard */,
				1B5EEDC71C8A9E0200CE3649 /* Products */,
			);
			sourceTree = "<group>";
		};
		1B5EEDC71C8A9E0200CE3649 /* Products */ = {
			isa = PBXGroup;
			children = (
				1B5EEDC61C8A9E0200CE3649 /* MTFileManagerWithStoryBoard.app */,
			);
			name = Products;
			sourceTree = "<group>";
		};
		1B5EEDC81C8A9E0200CE3649 /* MTFileManagerWithStoryBoard */ = {
			isa = PBXGroup;
			children = (
				1B5EEDCC1C8A9E0200CE3649 /* AppDelegate.h */,
				1B5EEDCD1C8A9E0200CE3649 /* AppDelegate.m */,
				1B5EEDDA1C8A9E0200CE3649 /* Info.plist */,
				1B5EEDC91C8A9E0200CE3649 /* Supporting Files */,
			);
			path = MTFileManagerWithStoryBoard;
			sourceTree = "<group>";
		};
		1B5EEDC91C8A9E0200CE3649 /* Supporting Files */ = {
			isa = PBXGroup;
			children = (
				1B5EEDCA1C8A9E0200CE3649 /* main.m */,
			);
			name = "Supporting Files";
			sourceTree = "<group>";
		};
		1B5EEDE01C8A9EBA00CE3649 /* Resource */ = {
			isa = PBXGroup;
			children = (
				1B5EEDE11C8A9EBA00CE3649 /* Assets.xcassets */,
				1B5EEDE21C8A9EBA00CE3649 /* LaunchScreen.storyboard */,
				1B5EEDE41C8A9EBA00CE3649 /* Images */,
			);
			path = Resource;
			sourceTree = "<group>";
		};
		1B5EEDE41C8A9EBA00CE3649 /* Images */ = {
			isa = PBXGroup;
			children = (
				1B5EEDE51C8A9EBA00CE3649 /* file.png */,
				1B5EEDE61C8A9EBA00CE3649 /* folder.png */,
			);
			path = Images;
			sourceTree = "<group>";
		};
		1B5EEDE71C8A9EBA00CE3649 /* Source */ = {
			isa = PBXGroup;
			children = (
				1B5EEDE81C8A9EBA00CE3649 /* Models */,
				1B5EEDE91C8A9EBA00CE3649 /* UI */,
			);
			path = Source;
			sourceTree = "<group>";
		};
		1B5EEDE81C8A9EBA00CE3649 /* Models */ = {
			isa = PBXGroup;
			children = (
			);
			path = Models;
			sourceTree = "<group>";
		};
		1B5EEDE91C8A9EBA00CE3649 /* UI */ = {
			isa = PBXGroup;
			children = (
				1B5EEDEE1C8A9EDE00CE3649 /* MTDirecoryViewController.h */,
				1B5EEDEF1C8A9EDE00CE3649 /* MTDirecoryViewController.m */,
				1B5EEDF11C8A9EEE00CE3649 /* Storyboard_iphone.storyboard */,
			);
			path = UI;
			sourceTree = "<group>";
		};
/* End PBXGroup section */

/* Begin PBXNativeTarget section */
		1B5EEDC51C8A9E0200CE3649 /* MTFileManagerWithStoryBoard */ = {
			isa = PBXNativeTarget;
			buildConfigurationList = 1B5EEDDD1C8A9E0200CE3649 /* Build configuration list for PBXNativeTarget "MTFileManagerWithStoryBoard" */;
			buildPhases = (
				1B5EEDC21C8A9E0200CE3649 /* Sources */,
				1B5EEDC31C8A9E0200CE3649 /* Frameworks */,
				1B5EEDC41C8A9E0200CE3649 /* Resources */,
			);
			buildRules = (
			);
			dependencies = (
			);
			name = MTFileManagerWithStoryBoard;
			productName = MTFileManagerWithStoryBoard;
			productReference = 1B5EEDC61C8A9E0200CE3649 /* MTFileManagerWithStoryBoard.app */;
			productType = "com.apple.product-type.application";
		};
/* End PBXNativeTarget section */

/* Begin PBXProject section */
		1B5EEDBE1C8A9E0200CE3649 /* Project object */ = {
			isa = PBXProject;
			attributes = {
				LastUpgradeCheck = 0720;
				ORGANIZATIONNAME = "Mark Tezza";
				TargetAttributes = {
					1B5EEDC51C8A9E0200CE3649 = {
						CreatedOnToolsVersion = 7.2.1;
						DevelopmentTeam = Z662YN573K;
					};
				};
			};
			buildConfigurationList = 1B5EEDC11C8A9E0200CE3649 /* Build configuration list for PBXProject "MTFileManagerWithStoryBoard" */;
			compatibilityVersion = "Xcode 3.2";
			developmentRegion = English;
			hasScannedForEncodings = 0;
			knownRegions = (
				en,
				Base,
			);
			mainGroup = 1B5EEDBD1C8A9E0200CE3649;
			productRefGroup = 1B5EEDC71C8A9E0200CE3649 /* Products */;
			projectDirPath = "";
			projectRoot = "";
			targets = (
				1B5EEDC51C8A9E0200CE3649 /* MTFileManagerWithStoryBoard */,
			);
		};
/* End PBXProject section */

/* Begin PBXResourcesBuildPhase section */
		1B5EEDC41C8A9E0200CE3649 /* Resources */ = {
			isa = PBXResourcesBuildPhase;
			buildActionMask = 2147483647;
			files = (
				1B5EEDEA1C8A9EBA00CE3649 /* Assets.xcassets in Resources */,
				1B5EEDED1C8A9EBA00CE3649 /* folder.png in Resources */,
				1B5EEDF21C8A9EEE00CE3649 /* Storyboard_iphone.storyboard in Resources */,
				1B5EEDEB1C8A9EBA00CE3649 /* LaunchScreen.storyboard in Resources */,
				1B5EEDEC1C8A9EBA00CE3649 /* file.png in Resources */,
			);
			runOnlyForDeploymentPostprocessing = 0;
		};
/* End PBXResourcesBuildPhase section */

/* Begin PBXSourcesBuildPhase section */
		1B5EEDC21C8A9E0200CE3649 /* Sources */ = {
			isa = PBXSourcesBuildPhase;
			buildActionMask = 2147483647;
			files = (
				1B5EEDF01C8A9EDE00CE3649 /* MTDirecoryViewController.m in Sources */,
				1B5EEDCE1C8A9E0200CE3649 /* AppDelegate.m in Sources */,
				1B5EEDCB1C8A9E0200CE3649 /* main.m in Sources */,
			);
			runOnlyForDeploymentPostprocessing = 0;
		};
/* End PBXSourcesBuildPhase section */

/* Begin PBXVariantGroup section */
		1B5EEDE21C8A9EBA00CE3649 /* LaunchScreen.storyboard */ = {
			isa = PBXVariantGroup;
			children = (
				1B5EEDE31C8A9EBA00CE3649 /* Base */,
			);
			name = LaunchScreen.storyboard;
			sourceTree = "<group>";
		};
/* End PBXVariantGroup section */

/* Begin XCBuildConfiguration section */
		1B5EEDDB1C8A9E0200CE3649 /* Debug */ = {
			isa = XCBuildConfiguration;
			buildSettings = {
				ALWAYS_SEARCH_USER_PATHS = NO;
				CLANG_CXX_LANGUAGE_STANDARD = "gnu++0x";
				CLANG_CXX_LIBRARY = "libc++";
				CLANG_ENABLE_MODULES = YES;
				CLANG_ENABLE_OBJC_ARC = YES;
				CLANG_WARN_BOOL_CONVERSION = YES;
				CLANG_WARN_CONSTANT_CONVERSION = YES;
				CLANG_WARN_DIRECT_OBJC_ISA_USAGE = YES_ERROR;
				CLANG_WARN_EMPTY_BODY = YES;
				CLANG_WARN_ENUM_CONVERSION = YES;
				CLANG_WARN_INT_CONVERSION = YES;
				CLANG_WARN_OBJC_ROOT_CLASS = YES_ERROR;
				CLANG_WARN_UNREACHABLE_CODE = YES;
				CLANG_WARN__DUPLICATE_METHOD_MATCH = YES;
				"CODE_SIGN_IDENTITY[sdk=iphoneos*]" = "iPhone Developer";
				COPY_PHASE_STRIP = NO;
				DEBUG_INFORMATION_FORMAT = dwarf;
				ENABLE_STRICT_OBJC_MSGSEND = YES;
				ENABLE_TESTABILITY = YES;
				GCC_C_LANGUAGE_STANDARD = gnu99;
				GCC_DYNAMIC_NO_PIC = NO;
				GCC_NO_COMMON_BLOCKS = YES;
				GCC_OPTIMIZATION_LEVEL = 0;
				GCC_PREPROCESSOR_DEFINITIONS = (
					"DEBUG=1",
					"$(inherited)",
				);
				GCC_WARN_64_TO_32_BIT_CONVERSION = YES;
				GCC_WARN_ABOUT_RETURN_TYPE = YES_ERROR;
				GCC_WARN_UNDECLARED_SELECTOR = YES;
				GCC_WARN_UNINITIALIZED_AUTOS = YES_AGGRESSIVE;
				GCC_WARN_UNUSED_FUNCTION = YES;
				GCC_WARN_UNUSED_VARIABLE = YES;
				IPHONEOS_DEPLOYMENT_TARGET = 9.2;
				MTL_ENABLE_DEBUG_INFO = YES;
				ONLY_ACTIVE_ARCH = YES;
				SDKROOT = iphoneos;
			};
			name = Debug;
		};
		1B5EEDDC1C8A9E0200CE3649 /* Release */ = {
			isa = XCBuildConfiguration;
			buildSettings = {
				ALWAYS_SEARCH_USER_PATHS = NO;
				CLANG_CXX_LANGUAGE_STANDARD = "gnu++0x";
				CLANG_CXX_LIBRARY = "libc++";
				CLANG_ENABLE_MODULES = YES;
				CLANG_ENABLE_OBJC_ARC = YES;
				CLANG_WARN_BOOL_CONVERSION = YES;
				CLANG_WARN_CONSTANT_CONVERSION = YES;
				CLANG_WARN_DIRECT_OBJC_ISA_USAGE = YES_ERROR;
				CLANG_WARN_EMPTY_BODY = YES;
				CLANG_WARN_ENUM_CONVERSION = YES;
				CLANG_WARN_INT_CONVERSION = YES;
				CLANG_WARN_OBJC_ROOT_CLASS = YES_ERROR;
				CLANG_WARN_UNREACHABLE_CODE = YES;
				CLANG_WARN__DUPLICATE_METHOD_MATCH = YES;
				"CODE_SIGN_IDENTITY[sdk=iphoneos*]" = "iPhone Developer";
				COPY_PHASE_STRIP = NO;
				DEBUG_INFORMATION_FORMAT = "dwarf-with-dsym";
				ENABLE_NS_ASSERTIONS = NO;
				ENABLE_STRICT_OBJC_MSGSEND = YES;
				GCC_C_LANGUAGE_STANDARD = gnu99;
				GCC_NO_COMMON_BLOCKS = YES;
				GCC_WARN_64_TO_32_BIT_CONVERSION = YES;
				GCC_WARN_ABOUT_RETURN_TYPE = YES_ERROR;
				GCC_WARN_UNDECLARED_SELECTOR = YES;
				GCC_WARN_UNINITIALIZED_AUTOS = YES_AGGRESSIVE;
				GCC_WARN_UNUSED_FUNCTION = YES;
				GCC_WARN_UNUSED_VARIABLE = YES;
				IPHONEOS_DEPLOYMENT_TARGET = 9.2;
				MTL_ENABLE_DEBUG_INFO = NO;
				SDKROOT = iphoneos;
				VALIDATE_PRODUCT = YES;
			};
			name = Release;
		};
		1B5EEDDE1C8A9E0200CE3649 /* Debug */ = {
			isa = XCBuildConfiguration;
			buildSettings = {
				ASSETCATALOG_COMPILER_APPICON_NAME = AppIcon;
				INFOPLIST_FILE = MTFileManagerWithStoryBoard/Info.plist;
				LD_RUNPATH_SEARCH_PATHS = "$(inherited) @executable_path/Frameworks";
				PRODUCT_BUNDLE_IDENTIFIER = MT.MTFileManagerWithStoryBoard;
				PRODUCT_NAME = "$(TARGET_NAME)";
			};
			name = Debug;
		};
		1B5EEDDF1C8A9E0200CE3649 /* Release */ = {
			isa = XCBuildConfiguration;
			buildSettings = {
				ASSETCATALOG_COMPILER_APPICON_NAME = AppIcon;
				INFOPLIST_FILE = MTFileManagerWithStoryBoard/Info.plist;
				LD_RUNPATH_SEARCH_PATHS = "$(inherited) @executable_path/Frameworks";
				PRODUCT_BUNDLE_IDENTIFIER = MT.MTFileManagerWithStoryBoard;
				PRODUCT_NAME = "$(TARGET_NAME)";
			};
			name = Release;
		};
/* End XCBuildConfiguration section */

/* Begin XCConfigurationList section */
		1B5EEDC11C8A9E0200CE3649 /* Build configuration list for PBXProject "MTFileManagerWithStoryBoard" */ = {
			isa = XCConfigurationList;
			buildConfigurations = (
				1B5EEDDB1C8A9E0200CE3649 /* Debug */,
				1B5EEDDC1C8A9E0200CE3649 /* Release */,
			);
			defaultConfigurationIsVisible = 0;
			defaultConfigurationName = Release;
		};
		1B5EEDDD1C8A9E0200CE3649 /* Build configuration list for PBXNativeTarget "MTFileManagerWithStoryBoard" */ = {
			isa = XCConfigurationList;
			buildConfigurations = (
				1B5EEDDE1C8A9E0200CE3649 /* Debug */,
				1B5EEDDF1C8A9E0200CE3649 /* Release */,
			);
			defaultConfigurationIsVisible = 0;
		};
/* End XCConfigurationList section */
	};
	rootObject = 1B5EEDBE1C8A9E0200CE3649 /* Project object */;
}
