// !$*UTF8*$!
{
	archiveVersion = 1;
	classes = {
	};
	objectVersion = 46;
	objects = {

/* Begin PBXBuildFile section */
		1B120E0A1C82B15000F0ECCF /* Storyboard_iPhone.storyboard in Resources */ = {isa = PBXBuildFile; fileRef = 1B120E091C82B15000F0ECCF /* Storyboard_iPhone.storyboard */; };
		1B120E0D1C82D46800F0ECCF /* MTFileViewCell.m in Sources */ = {isa = PBXBuildFile; fileRef = 1B120E0C1C82D46800F0ECCF /* MTFileViewCell.m */; };
		1B120E121C82E30A00F0ECCF /* UITableView+MTExtensions.m in Sources */ = {isa = PBXBuildFile; fileRef = 1B120E111C82E30A00F0ECCF /* UITableView+MTExtensions.m */; };
		1B120E1C1C82F8B900F0ECCF /* UIView+MTExtensions.m in Sources */ = {isa = PBXBuildFile; fileRef = 1B120E1B1C82F8B900F0ECCF /* UIView+MTExtensions.m */; };
		1B1EA97B1C81B37400DA2FF1 /* main.m in Sources */ = {isa = PBXBuildFile; fileRef = 1B1EA97A1C81B37400DA2FF1 /* main.m */; };
		1B1EA97E1C81B37400DA2FF1 /* MTAppDelegate.m in Sources */ = {isa = PBXBuildFile; fileRef = 1B1EA97D1C81B37400DA2FF1 /* MTAppDelegate.m */; };
		1B1EA9861C81B37400DA2FF1 /* Assets.xcassets in Resources */ = {isa = PBXBuildFile; fileRef = 1B1EA9851C81B37400DA2FF1 /* Assets.xcassets */; };
		1B1EA9891C81B37400DA2FF1 /* LaunchScreen.storyboard in Resources */ = {isa = PBXBuildFile; fileRef = 1B1EA9871C81B37400DA2FF1 /* LaunchScreen.storyboard */; };
		1B1EA9941C81B59D00DA2FF1 /* folder.png in Resources */ = {isa = PBXBuildFile; fileRef = 1B1EA9931C81B59D00DA2FF1 /* folder.png */; };
		1B1EA9971C81B62100DA2FF1 /* MTDirectoryViewController.m in Sources */ = {isa = PBXBuildFile; fileRef = 1B1EA9961C81B62100DA2FF1 /* MTDirectoryViewController.m */; };
		1B1EA9991C81C70A00DA2FF1 /* file.png in Resources */ = {isa = PBXBuildFile; fileRef = 1B1EA9981C81C70A00DA2FF1 /* file.png */; };
/* End PBXBuildFile section */

/* Begin PBXFileReference section */
		1B120E091C82B15000F0ECCF /* Storyboard_iPhone.storyboard */ = {isa = PBXFileReference; fileEncoding = 4; lastKnownFileType = file.storyboard; path = Storyboard_iPhone.storyboard; sourceTree = "<group>"; };
		1B120E0B1C82D46800F0ECCF /* MTFileViewCell.h */ = {isa = PBXFileReference; fileEncoding = 4; lastKnownFileType = sourcecode.c.h; name = MTFileViewCell.h; path = ../MTFileViewCell.h; sourceTree = "<group>"; };
		1B120E0C1C82D46800F0ECCF /* MTFileViewCell.m */ = {isa = PBXFileReference; fileEncoding = 4; lastKnownFileType = sourcecode.c.objc; name = MTFileViewCell.m; path = ../MTFileViewCell.m; sourceTree = "<group>"; };
		1B120E101C82E30A00F0ECCF /* UITableView+MTExtensions.h */ = {isa = PBXFileReference; fileEncoding = 4; lastKnownFileType = sourcecode.c.h; path = "UITableView+MTExtensions.h"; sourceTree = "<group>"; };
		1B120E111C82E30A00F0ECCF /* UITableView+MTExtensions.m */ = {isa = PBXFileReference; fileEncoding = 4; lastKnownFileType = sourcecode.c.objc; path = "UITableView+MTExtensions.m"; sourceTree = "<group>"; };
		1B120E1A1C82F8B900F0ECCF /* UIView+MTExtensions.h */ = {isa = PBXFileReference; fileEncoding = 4; lastKnownFileType = sourcecode.c.h; path = "UIView+MTExtensions.h"; sourceTree = "<group>"; };
		1B120E1B1C82F8B900F0ECCF /* UIView+MTExtensions.m */ = {isa = PBXFileReference; fileEncoding = 4; lastKnownFileType = sourcecode.c.objc; path = "UIView+MTExtensions.m"; sourceTree = "<group>"; };
		1B1EA9761C81B37400DA2FF1 /* MTFileManagerTest.app */ = {isa = PBXFileReference; explicitFileType = wrapper.application; includeInIndex = 0; path = MTFileManagerTest.app; sourceTree = BUILT_PRODUCTS_DIR; };
		1B1EA97A1C81B37400DA2FF1 /* main.m */ = {isa = PBXFileReference; lastKnownFileType = sourcecode.c.objc; path = main.m; sourceTree = "<group>"; };
		1B1EA97C1C81B37400DA2FF1 /* MTAppDelegate.h */ = {isa = PBXFileReference; lastKnownFileType = sourcecode.c.h; path = MTAppDelegate.h; sourceTree = "<group>"; };
		1B1EA97D1C81B37400DA2FF1 /* MTAppDelegate.m */ = {isa = PBXFileReference; lastKnownFileType = sourcecode.c.objc; path = MTAppDelegate.m; sourceTree = "<group>"; };
		1B1EA9851C81B37400DA2FF1 /* Assets.xcassets */ = {isa = PBXFileReference; lastKnownFileType = folder.assetcatalog; path = Assets.xcassets; sourceTree = "<group>"; };
		1B1EA9881C81B37400DA2FF1 /* Base */ = {isa = PBXFileReference; lastKnownFileType = file.storyboard; name = Base; path = Base.lproj/LaunchScreen.storyboard; sourceTree = "<group>"; };
		1B1EA98A1C81B37400DA2FF1 /* Info.plist */ = {isa = PBXFileReference; lastKnownFileType = text.plist.xml; path = Info.plist; sourceTree = "<group>"; };
		1B1EA9931C81B59D00DA2FF1 /* folder.png */ = {isa = PBXFileReference; lastKnownFileType = image.png; path = folder.png; sourceTree = "<group>"; };
		1B1EA9951C81B62100DA2FF1 /* MTDirectoryViewController.h */ = {isa = PBXFileReference; fileEncoding = 4; lastKnownFileType = sourcecode.c.h; path = MTDirectoryViewController.h; sourceTree = "<group>"; };
		1B1EA9961C81B62100DA2FF1 /* MTDirectoryViewController.m */ = {isa = PBXFileReference; fileEncoding = 4; lastKnownFileType = sourcecode.c.objc; path = MTDirectoryViewController.m; sourceTree = "<group>"; };
		1B1EA9981C81C70A00DA2FF1 /* file.png */ = {isa = PBXFileReference; lastKnownFileType = image.png; path = file.png; sourceTree = "<group>"; };
/* End PBXFileReference section */

/* Begin PBXFrameworksBuildPhase section */
		1B1EA9731C81B37400DA2FF1 /* Frameworks */ = {
			isa = PBXFrameworksBuildPhase;
			buildActionMask = 2147483647;
			files = (
			);
			runOnlyForDeploymentPostprocessing = 0;
		};
/* End PBXFrameworksBuildPhase section */

/* Begin PBXGroup section */
		1B120E0E1C82D49200F0ECCF /* Cell */ = {
			isa = PBXGroup;
			children = (
				1B120E0B1C82D46800F0ECCF /* MTFileViewCell.h */,
				1B120E0C1C82D46800F0ECCF /* MTFileViewCell.m */,
			);
			path = Cell;
			sourceTree = "<group>";
		};
		1B120E0F1C82E30A00F0ECCF /* UITableView+MTExtensions */ = {
			isa = PBXGroup;
			children = (
				1B120E101C82E30A00F0ECCF /* UITableView+MTExtensions.h */,
				1B120E111C82E30A00F0ECCF /* UITableView+MTExtensions.m */,
			);
			path = "UITableView+MTExtensions";
			sourceTree = "<group>";
		};
		1B120E131C82F72F00F0ECCF /* UIView+MTExtensions */ = {
			isa = PBXGroup;
			children = (
				1B120E1A1C82F8B900F0ECCF /* UIView+MTExtensions.h */,
				1B120E1B1C82F8B900F0ECCF /* UIView+MTExtensions.m */,
			);
			name = "UIView+MTExtensions";
			sourceTree = "<group>";
		};
		1B1EA96D1C81B37400DA2FF1 = {
			isa = PBXGroup;
			children = (
				1B120E131C82F72F00F0ECCF /* UIView+MTExtensions */,
				1B120E0F1C82E30A00F0ECCF /* UITableView+MTExtensions */,
				1B1EA9901C81B46E00DA2FF1 /* Images */,
				1B1EA9781C81B37400DA2FF1 /* MTFileManagerTest */,
				1B1EA9771C81B37400DA2FF1 /* Products */,
			);
			sourceTree = "<group>";
		};
		1B1EA9771C81B37400DA2FF1 /* Products */ = {
			isa = PBXGroup;
			children = (
				1B1EA9761C81B37400DA2FF1 /* MTFileManagerTest.app */,
			);
			name = Products;
			sourceTree = "<group>";
		};
		1B1EA9781C81B37400DA2FF1 /* MTFileManagerTest */ = {
			isa = PBXGroup;
			children = (
				1B120E0E1C82D49200F0ECCF /* Cell */,
				1B1EA9951C81B62100DA2FF1 /* MTDirectoryViewController.h */,
				1B1EA9961C81B62100DA2FF1 /* MTDirectoryViewController.m */,
				1B1EA97C1C81B37400DA2FF1 /* MTAppDelegate.h */,
				1B1EA97D1C81B37400DA2FF1 /* MTAppDelegate.m */,
				1B120E091C82B15000F0ECCF /* Storyboard_iPhone.storyboard */,
				1B1EA9851C81B37400DA2FF1 /* Assets.xcassets */,
				1B1EA9871C81B37400DA2FF1 /* LaunchScreen.storyboard */,
				1B1EA98A1C81B37400DA2FF1 /* Info.plist */,
				1B1EA9791C81B37400DA2FF1 /* Supporting Files */,
			);
			path = MTFileManagerTest;
			sourceTree = "<group>";
		};
		1B1EA9791C81B37400DA2FF1 /* Supporting Files */ = {
			isa = PBXGroup;
			children = (
				1B1EA97A1C81B37400DA2FF1 /* main.m */,
			);
			name = "Supporting Files";
			sourceTree = "<group>";
		};
		1B1EA9901C81B46E00DA2FF1 /* Images */ = {
			isa = PBXGroup;
			children = (
				1B1EA9981C81C70A00DA2FF1 /* file.png */,
				1B1EA9931C81B59D00DA2FF1 /* folder.png */,
			);
			path = Images;
			sourceTree = "<group>";
		};
/* End PBXGroup section */

/* Begin PBXNativeTarget section */
		1B1EA9751C81B37400DA2FF1 /* MTFileManagerTest */ = {
			isa = PBXNativeTarget;
			buildConfigurationList = 1B1EA98D1C81B37400DA2FF1 /* Build configuration list for PBXNativeTarget "MTFileManagerTest" */;
			buildPhases = (
				1B1EA9721C81B37400DA2FF1 /* Sources */,
				1B1EA9731C81B37400DA2FF1 /* Frameworks */,
				1B1EA9741C81B37400DA2FF1 /* Resources */,
			);
			buildRules = (
			);
			dependencies = (
			);
			name = MTFileManagerTest;
			productName = MTFileManagerTest;
			productReference = 1B1EA9761C81B37400DA2FF1 /* MTFileManagerTest.app */;
			productType = "com.apple.product-type.application";
		};
/* End PBXNativeTarget section */

/* Begin PBXProject section */
		1B1EA96E1C81B37400DA2FF1 /* Project object */ = {
			isa = PBXProject;
			attributes = {
				LastUpgradeCheck = 0720;
				ORGANIZATIONNAME = "Mark Tezza";
				TargetAttributes = {
					1B1EA9751C81B37400DA2FF1 = {
						CreatedOnToolsVersion = 7.2.1;
						DevelopmentTeam = Z662YN573K;
					};
				};
			};
			buildConfigurationList = 1B1EA9711C81B37400DA2FF1 /* Build configuration list for PBXProject "MTFileManagerTest" */;
			compatibilityVersion = "Xcode 3.2";
			developmentRegion = English;
			hasScannedForEncodings = 0;
			knownRegions = (
				en,
				Base,
			);
			mainGroup = 1B1EA96D1C81B37400DA2FF1;
			productRefGroup = 1B1EA9771C81B37400DA2FF1 /* Products */;
			projectDirPath = "";
			projectRoot = "";
			targets = (
				1B1EA9751C81B37400DA2FF1 /* MTFileManagerTest */,
			);
		};
/* End PBXProject section */

/* Begin PBXResourcesBuildPhase section */
		1B1EA9741C81B37400DA2FF1 /* Resources */ = {
			isa = PBXResourcesBuildPhase;
			buildActionMask = 2147483647;
			files = (
				1B1EA9891C81B37400DA2FF1 /* LaunchScreen.storyboard in Resources */,
				1B1EA9941C81B59D00DA2FF1 /* folder.png in Resources */,
				1B1EA9861C81B37400DA2FF1 /* Assets.xcassets in Resources */,
				1B120E0A1C82B15000F0ECCF /* Storyboard_iPhone.storyboard in Resources */,
				1B1EA9991C81C70A00DA2FF1 /* file.png in Resources */,
			);
			runOnlyForDeploymentPostprocessing = 0;
		};
/* End PBXResourcesBuildPhase section */

/* Begin PBXSourcesBuildPhase section */
		1B1EA9721C81B37400DA2FF1 /* Sources */ = {
			isa = PBXSourcesBuildPhase;
			buildActionMask = 2147483647;
			files = (
				1B1EA97E1C81B37400DA2FF1 /* MTAppDelegate.m in Sources */,
				1B1EA97B1C81B37400DA2FF1 /* main.m in Sources */,
				1B1EA9971C81B62100DA2FF1 /* MTDirectoryViewController.m in Sources */,
				1B120E1C1C82F8B900F0ECCF /* UIView+MTExtensions.m in Sources */,
				1B120E0D1C82D46800F0ECCF /* MTFileViewCell.m in Sources */,
				1B120E121C82E30A00F0ECCF /* UITableView+MTExtensions.m in Sources */,
			);
			runOnlyForDeploymentPostprocessing = 0;
		};
/* End PBXSourcesBuildPhase section */

/* Begin PBXVariantGroup section */
		1B1EA9871C81B37400DA2FF1 /* LaunchScreen.storyboard */ = {
			isa = PBXVariantGroup;
			children = (
				1B1EA9881C81B37400DA2FF1 /* Base */,
			);
			name = LaunchScreen.storyboard;
			sourceTree = "<group>";
		};
/* End PBXVariantGroup section */

/* Begin XCBuildConfiguration section */
		1B1EA98B1C81B37400DA2FF1 /* Debug */ = {
			isa = XCBuildConfiguration;
			buildSettings = {
				ALWAYS_SEARCH_USER_PATHS = NO;
				CLANG_CXX_LANGUAGE_STANDARD = "gnu++0x";
				CLANG_CXX_LIBRARY = "libc++";
				CLANG_ENABLE_MODULES = YES;
				CLANG_ENABLE_OBJC_ARC = YES;
				CLANG_WARN_BOOL_CONVERSION = YES;
				CLANG_WARN_CONSTANT_CONVERSION = YES;
				CLANG_WARN_DIRECT_OBJC_ISA_USAGE = YES_ERROR;
				CLANG_WARN_EMPTY_BODY = YES;
				CLANG_WARN_ENUM_CONVERSION = YES;
				CLANG_WARN_INT_CONVERSION = YES;
				CLANG_WARN_OBJC_ROOT_CLASS = YES_ERROR;
				CLANG_WARN_UNREACHABLE_CODE = YES;
				CLANG_WARN__DUPLICATE_METHOD_MATCH = YES;
				"CODE_SIGN_IDENTITY[sdk=iphoneos*]" = "iPhone Developer";
				COPY_PHASE_STRIP = NO;
				DEBUG_INFORMATION_FORMAT = dwarf;
				ENABLE_STRICT_OBJC_MSGSEND = YES;
				ENABLE_TESTABILITY = YES;
				GCC_C_LANGUAGE_STANDARD = gnu99;
				GCC_DYNAMIC_NO_PIC = NO;
				GCC_NO_COMMON_BLOCKS = YES;
				GCC_OPTIMIZATION_LEVEL = 0;
				GCC_PREPROCESSOR_DEFINITIONS = (
					"DEBUG=1",
					"$(inherited)",
				);
				GCC_WARN_64_TO_32_BIT_CONVERSION = YES;
				GCC_WARN_ABOUT_RETURN_TYPE = YES_ERROR;
				GCC_WARN_UNDECLARED_SELECTOR = YES;
				GCC_WARN_UNINITIALIZED_AUTOS = YES_AGGRESSIVE;
				GCC_WARN_UNUSED_FUNCTION = YES;
				GCC_WARN_UNUSED_VARIABLE = YES;
				IPHONEOS_DEPLOYMENT_TARGET = 9.2;
				MTL_ENABLE_DEBUG_INFO = YES;
				ONLY_ACTIVE_ARCH = YES;
				SDKROOT = iphoneos;
			};
			name = Debug;
		};
		1B1EA98C1C81B37400DA2FF1 /* Release */ = {
			isa = XCBuildConfiguration;
			buildSettings = {
				ALWAYS_SEARCH_USER_PATHS = NO;
				CLANG_CXX_LANGUAGE_STANDARD = "gnu++0x";
				CLANG_CXX_LIBRARY = "libc++";
				CLANG_ENABLE_MODULES = YES;
				CLANG_ENABLE_OBJC_ARC = YES;
				CLANG_WARN_BOOL_CONVERSION = YES;
				CLANG_WARN_CONSTANT_CONVERSION = YES;
				CLANG_WARN_DIRECT_OBJC_ISA_USAGE = YES_ERROR;
				CLANG_WARN_EMPTY_BODY = YES;
				CLANG_WARN_ENUM_CONVERSION = YES;
				CLANG_WARN_INT_CONVERSION = YES;
				CLANG_WARN_OBJC_ROOT_CLASS = YES_ERROR;
				CLANG_WARN_UNREACHABLE_CODE = YES;
				CLANG_WARN__DUPLICATE_METHOD_MATCH = YES;
				"CODE_SIGN_IDENTITY[sdk=iphoneos*]" = "iPhone Developer";
				COPY_PHASE_STRIP = NO;
				DEBUG_INFORMATION_FORMAT = "dwarf-with-dsym";
				ENABLE_NS_ASSERTIONS = NO;
				ENABLE_STRICT_OBJC_MSGSEND = YES;
				GCC_C_LANGUAGE_STANDARD = gnu99;
				GCC_NO_COMMON_BLOCKS = YES;
				GCC_WARN_64_TO_32_BIT_CONVERSION = YES;
				GCC_WARN_ABOUT_RETURN_TYPE = YES_ERROR;
				GCC_WARN_UNDECLARED_SELECTOR = YES;
				GCC_WARN_UNINITIALIZED_AUTOS = YES_AGGRESSIVE;
				GCC_WARN_UNUSED_FUNCTION = YES;
				GCC_WARN_UNUSED_VARIABLE = YES;
				IPHONEOS_DEPLOYMENT_TARGET = 9.2;
				MTL_ENABLE_DEBUG_INFO = NO;
				SDKROOT = iphoneos;
				VALIDATE_PRODUCT = YES;
			};
			name = Release;
		};
		1B1EA98E1C81B37400DA2FF1 /* Debug */ = {
			isa = XCBuildConfiguration;
			buildSettings = {
				ASSETCATALOG_COMPILER_APPICON_NAME = AppIcon;
				INFOPLIST_FILE = MTFileManagerTest/Info.plist;
				LD_RUNPATH_SEARCH_PATHS = "$(inherited) @executable_path/Frameworks";
				PRODUCT_BUNDLE_IDENTIFIER = MT.MTFileManagerTest;
				PRODUCT_NAME = "$(TARGET_NAME)";
			};
			name = Debug;
		};
		1B1EA98F1C81B37400DA2FF1 /* Release */ = {
			isa = XCBuildConfiguration;
			buildSettings = {
				ASSETCATALOG_COMPILER_APPICON_NAME = AppIcon;
				INFOPLIST_FILE = MTFileManagerTest/Info.plist;
				LD_RUNPATH_SEARCH_PATHS = "$(inherited) @executable_path/Frameworks";
				PRODUCT_BUNDLE_IDENTIFIER = MT.MTFileManagerTest;
				PRODUCT_NAME = "$(TARGET_NAME)";
			};
			name = Release;
		};
/* End XCBuildConfiguration section */

/* Begin XCConfigurationList section */
		1B1EA9711C81B37400DA2FF1 /* Build configuration list for PBXProject "MTFileManagerTest" */ = {
			isa = XCConfigurationList;
			buildConfigurations = (
				1B1EA98B1C81B37400DA2FF1 /* Debug */,
				1B1EA98C1C81B37400DA2FF1 /* Release */,
			);
			defaultConfigurationIsVisible = 0;
			defaultConfigurationName = Release;
		};
		1B1EA98D1C81B37400DA2FF1 /* Build configuration list for PBXNativeTarget "MTFileManagerTest" */ = {
			isa = XCConfigurationList;
			buildConfigurations = (
				1B1EA98E1C81B37400DA2FF1 /* Debug */,
				1B1EA98F1C81B37400DA2FF1 /* Release */,
			);
			defaultConfigurationIsVisible = 0;
			defaultConfigurationName = Release;
		};
/* End XCConfigurationList section */
	};
	rootObject = 1B1EA96E1C81B37400DA2FF1 /* Project object */;
}
