// !$*UTF8*$!
{
	archiveVersion = 1;
	classes = {
	};
	objectVersion = 46;
	objects = {

/* Begin PBXBuildFile section */
		1B5EED531C89903000CE3649 /* main.m in Sources */ = {isa = PBXBuildFile; fileRef = 1B5EED521C89903000CE3649 /* main.m */; };
		1B5EED561C89903000CE3649 /* AppDelegate.m in Sources */ = {isa = PBXBuildFile; fileRef = 1B5EED551C89903000CE3649 /* AppDelegate.m */; };
		1B5EED711C89931600CE3649 /* Assets.xcassets in Resources */ = {isa = PBXBuildFile; fileRef = 1B5EED691C89931600CE3649 /* Assets.xcassets */; };
		1B5EED721C89931600CE3649 /* LaunchScreen.storyboard in Resources */ = {isa = PBXBuildFile; fileRef = 1B5EED6A1C89931600CE3649 /* LaunchScreen.storyboard */; };
		1B5EED761C89956D00CE3649 /* MTDirectoryViewController.m in Sources */ = {isa = PBXBuildFile; fileRef = 1B5EED751C89956D00CE3649 /* MTDirectoryViewController.m */; };
		1B5EED7B1C89BC1C00CE3649 /* file.png in Resources */ = {isa = PBXBuildFile; fileRef = 1B5EED781C89BC1C00CE3649 /* file.png */; };
		1B5EED7C1C89BC1C00CE3649 /* folder.png in Resources */ = {isa = PBXBuildFile; fileRef = 1B5EED791C89BC1C00CE3649 /* folder.png */; };
/* End PBXBuildFile section */

/* Begin PBXFileReference section */
		1B5EED4E1C89902F00CE3649 /* MTFileManager.app */ = {isa = PBXFileReference; explicitFileType = wrapper.application; includeInIndex = 0; path = MTFileManager.app; sourceTree = BUILT_PRODUCTS_DIR; };
		1B5EED521C89903000CE3649 /* main.m */ = {isa = PBXFileReference; lastKnownFileType = sourcecode.c.objc; path = main.m; sourceTree = "<group>"; };
		1B5EED541C89903000CE3649 /* AppDelegate.h */ = {isa = PBXFileReference; lastKnownFileType = sourcecode.c.h; path = AppDelegate.h; sourceTree = "<group>"; };
		1B5EED551C89903000CE3649 /* AppDelegate.m */ = {isa = PBXFileReference; lastKnownFileType = sourcecode.c.objc; path = AppDelegate.m; sourceTree = "<group>"; };
		1B5EED621C89903000CE3649 /* Info.plist */ = {isa = PBXFileReference; lastKnownFileType = text.plist.xml; path = Info.plist; sourceTree = "<group>"; };
		1B5EED691C89931600CE3649 /* Assets.xcassets */ = {isa = PBXFileReference; lastKnownFileType = folder.assetcatalog; path = Assets.xcassets; sourceTree = "<group>"; };
		1B5EED6B1C89931600CE3649 /* Base */ = {isa = PBXFileReference; lastKnownFileType = file.storyboard; name = Base; path = Base.lproj/LaunchScreen.storyboard; sourceTree = "<group>"; };
		1B5EED741C89956D00CE3649 /* MTDirectoryViewController.h */ = {isa = PBXFileReference; fileEncoding = 4; lastKnownFileType = sourcecode.c.h; path = MTDirectoryViewController.h; sourceTree = "<group>"; };
		1B5EED751C89956D00CE3649 /* MTDirectoryViewController.m */ = {isa = PBXFileReference; fileEncoding = 4; lastKnownFileType = sourcecode.c.objc; path = MTDirectoryViewController.m; sourceTree = "<group>"; };
		1B5EED781C89BC1C00CE3649 /* file.png */ = {isa = PBXFileReference; lastKnownFileType = image.png; path = file.png; sourceTree = "<group>"; };
		1B5EED791C89BC1C00CE3649 /* folder.png */ = {isa = PBXFileReference; lastKnownFileType = image.png; path = folder.png; sourceTree = "<group>"; };
/* End PBXFileReference section */

/* Begin PBXFrameworksBuildPhase section */
		1B5EED4B1C89902F00CE3649 /* Frameworks */ = {
			isa = PBXFrameworksBuildPhase;
			buildActionMask = 2147483647;
			files = (
			);
			runOnlyForDeploymentPostprocessing = 0;
		};
/* End PBXFrameworksBuildPhase section */

/* Begin PBXGroup section */
		1B5EED451C89902F00CE3649 = {
			isa = PBXGroup;
			children = (
				1B5EED771C89BC1C00CE3649 /* Images */,
				1B5EED681C89931600CE3649 /* Resource */,
				1B5EED6E1C89931600CE3649 /* Source */,
				1B5EED501C89903000CE3649 /* MTFileManager */,
				1B5EED4F1C89902F00CE3649 /* Products */,
			);
			sourceTree = "<group>";
		};
		1B5EED4F1C89902F00CE3649 /* Products */ = {
			isa = PBXGroup;
			children = (
				1B5EED4E1C89902F00CE3649 /* MTFileManager.app */,
			);
			name = Products;
			sourceTree = "<group>";
		};
		1B5EED501C89903000CE3649 /* MTFileManager */ = {
			isa = PBXGroup;
			children = (
				1B5EED541C89903000CE3649 /* AppDelegate.h */,
				1B5EED551C89903000CE3649 /* AppDelegate.m */,
				1B5EED621C89903000CE3649 /* Info.plist */,
				1B5EED511C89903000CE3649 /* Supporting Files */,
			);
			path = MTFileManager;
			sourceTree = "<group>";
		};
		1B5EED511C89903000CE3649 /* Supporting Files */ = {
			isa = PBXGroup;
			children = (
				1B5EED521C89903000CE3649 /* main.m */,
			);
			name = "Supporting Files";
			sourceTree = "<group>";
		};
		1B5EED681C89931600CE3649 /* Resource */ = {
			isa = PBXGroup;
			children = (
				1B5EED691C89931600CE3649 /* Assets.xcassets */,
				1B5EED6A1C89931600CE3649 /* LaunchScreen.storyboard */,
			);
			path = Resource;
			sourceTree = "<group>";
		};
		1B5EED6E1C89931600CE3649 /* Source */ = {
			isa = PBXGroup;
			children = (
				1B5EED6F1C89931600CE3649 /* Models */,
				1B5EED701C89931600CE3649 /* UI */,
			);
			path = Source;
			sourceTree = "<group>";
		};
		1B5EED6F1C89931600CE3649 /* Models */ = {
			isa = PBXGroup;
			children = (
			);
			path = Models;
			sourceTree = "<group>";
		};
		1B5EED701C89931600CE3649 /* UI */ = {
			isa = PBXGroup;
			children = (
				1B5EED741C89956D00CE3649 /* MTDirectoryViewController.h */,
				1B5EED751C89956D00CE3649 /* MTDirectoryViewController.m */,
			);
			path = UI;
			sourceTree = "<group>";
		};
		1B5EED771C89BC1C00CE3649 /* Images */ = {
			isa = PBXGroup;
			children = (
				1B5EED781C89BC1C00CE3649 /* file.png */,
				1B5EED791C89BC1C00CE3649 /* folder.png */,
			);
			path = Images;
			sourceTree = "<group>";
		};
/* End PBXGroup section */

/* Begin PBXNativeTarget section */
		1B5EED4D1C89902F00CE3649 /* MTFileManager */ = {
			isa = PBXNativeTarget;
			buildConfigurationList = 1B5EED651C89903000CE3649 /* Build configuration list for PBXNativeTarget "MTFileManager" */;
			buildPhases = (
				1B5EED4A1C89902F00CE3649 /* Sources */,
				1B5EED4B1C89902F00CE3649 /* Frameworks */,
				1B5EED4C1C89902F00CE3649 /* Resources */,
			);
			buildRules = (
			);
			dependencies = (
			);
			name = MTFileManager;
			productName = MTFileManager;
			productReference = 1B5EED4E1C89902F00CE3649 /* MTFileManager.app */;
			productType = "com.apple.product-type.application";
		};
/* End PBXNativeTarget section */

/* Begin PBXProject section */
		1B5EED461C89902F00CE3649 /* Project object */ = {
			isa = PBXProject;
			attributes = {
				LastUpgradeCheck = 0720;
				ORGANIZATIONNAME = "Mark Tezza";
				TargetAttributes = {
					1B5EED4D1C89902F00CE3649 = {
						CreatedOnToolsVersion = 7.2.1;
						DevelopmentTeam = Z662YN573K;
					};
				};
			};
			buildConfigurationList = 1B5EED491C89902F00CE3649 /* Build configuration list for PBXProject "MTFileManager" */;
			compatibilityVersion = "Xcode 3.2";
			developmentRegion = English;
			hasScannedForEncodings = 0;
			knownRegions = (
				en,
				Base,
			);
			mainGroup = 1B5EED451C89902F00CE3649;
			productRefGroup = 1B5EED4F1C89902F00CE3649 /* Products */;
			projectDirPath = "";
			projectRoot = "";
			targets = (
				1B5EED4D1C89902F00CE3649 /* MTFileManager */,
			);
		};
/* End PBXProject section */

/* Begin PBXResourcesBuildPhase section */
		1B5EED4C1C89902F00CE3649 /* Resources */ = {
			isa = PBXResourcesBuildPhase;
			buildActionMask = 2147483647;
			files = (
				1B5EED721C89931600CE3649 /* LaunchScreen.storyboard in Resources */,
				1B5EED7C1C89BC1C00CE3649 /* folder.png in Resources */,
				1B5EED711C89931600CE3649 /* Assets.xcassets in Resources */,
				1B5EED7B1C89BC1C00CE3649 /* file.png in Resources */,
			);
			runOnlyForDeploymentPostprocessing = 0;
		};
/* End PBXResourcesBuildPhase section */

/* Begin PBXSourcesBuildPhase section */
		1B5EED4A1C89902F00CE3649 /* Sources */ = {
			isa = PBXSourcesBuildPhase;
			buildActionMask = 2147483647;
			files = (
				1B5EED561C89903000CE3649 /* AppDelegate.m in Sources */,
				1B5EED531C89903000CE3649 /* main.m in Sources */,
				1B5EED761C89956D00CE3649 /* MTDirectoryViewController.m in Sources */,
			);
			runOnlyForDeploymentPostprocessing = 0;
		};
/* End PBXSourcesBuildPhase section */

/* Begin PBXVariantGroup section */
		1B5EED6A1C89931600CE3649 /* LaunchScreen.storyboard */ = {
			isa = PBXVariantGroup;
			children = (
				1B5EED6B1C89931600CE3649 /* Base */,
			);
			name = LaunchScreen.storyboard;
			sourceTree = "<group>";
		};
/* End PBXVariantGroup section */

/* Begin XCBuildConfiguration section */
		1B5EED631C89903000CE3649 /* Debug */ = {
			isa = XCBuildConfiguration;
			buildSettings = {
				ALWAYS_SEARCH_USER_PATHS = NO;
				CLANG_CXX_LANGUAGE_STANDARD = "gnu++0x";
				CLANG_CXX_LIBRARY = "libc++";
				CLANG_ENABLE_MODULES = YES;
				CLANG_ENABLE_OBJC_ARC = YES;
				CLANG_WARN_BOOL_CONVERSION = YES;
				CLANG_WARN_CONSTANT_CONVERSION = YES;
				CLANG_WARN_DIRECT_OBJC_ISA_USAGE = YES_ERROR;
				CLANG_WARN_EMPTY_BODY = YES;
				CLANG_WARN_ENUM_CONVERSION = YES;
				CLANG_WARN_INT_CONVERSION = YES;
				CLANG_WARN_OBJC_ROOT_CLASS = YES_ERROR;
				CLANG_WARN_UNREACHABLE_CODE = YES;
				CLANG_WARN__DUPLICATE_METHOD_MATCH = YES;
				"CODE_SIGN_IDENTITY[sdk=iphoneos*]" = "iPhone Developer";
				COPY_PHASE_STRIP = NO;
				DEBUG_INFORMATION_FORMAT = dwarf;
				ENABLE_STRICT_OBJC_MSGSEND = YES;
				ENABLE_TESTABILITY = YES;
				GCC_C_LANGUAGE_STANDARD = gnu99;
				GCC_DYNAMIC_NO_PIC = NO;
				GCC_NO_COMMON_BLOCKS = YES;
				GCC_OPTIMIZATION_LEVEL = 0;
				GCC_PREPROCESSOR_DEFINITIONS = (
					"DEBUG=1",
					"$(inherited)",
				);
				GCC_WARN_64_TO_32_BIT_CONVERSION = YES;
				GCC_WARN_ABOUT_RETURN_TYPE = YES_ERROR;
				GCC_WARN_UNDECLARED_SELECTOR = YES;
				GCC_WARN_UNINITIALIZED_AUTOS = YES_AGGRESSIVE;
				GCC_WARN_UNUSED_FUNCTION = YES;
				GCC_WARN_UNUSED_VARIABLE = YES;
				IPHONEOS_DEPLOYMENT_TARGET = 9.2;
				MTL_ENABLE_DEBUG_INFO = YES;
				ONLY_ACTIVE_ARCH = YES;
				SDKROOT = iphoneos;
			};
			name = Debug;
		};
		1B5EED641C89903000CE3649 /* Release */ = {
			isa = XCBuildConfiguration;
			buildSettings = {
				ALWAYS_SEARCH_USER_PATHS = NO;
				CLANG_CXX_LANGUAGE_STANDARD = "gnu++0x";
				CLANG_CXX_LIBRARY = "libc++";
				CLANG_ENABLE_MODULES = YES;
				CLANG_ENABLE_OBJC_ARC = YES;
				CLANG_WARN_BOOL_CONVERSION = YES;
				CLANG_WARN_CONSTANT_CONVERSION = YES;
				CLANG_WARN_DIRECT_OBJC_ISA_USAGE = YES_ERROR;
				CLANG_WARN_EMPTY_BODY = YES;
				CLANG_WARN_ENUM_CONVERSION = YES;
				CLANG_WARN_INT_CONVERSION = YES;
				CLANG_WARN_OBJC_ROOT_CLASS = YES_ERROR;
				CLANG_WARN_UNREACHABLE_CODE = YES;
				CLANG_WARN__DUPLICATE_METHOD_MATCH = YES;
				"CODE_SIGN_IDENTITY[sdk=iphoneos*]" = "iPhone Developer";
				COPY_PHASE_STRIP = NO;
				DEBUG_INFORMATION_FORMAT = "dwarf-with-dsym";
				ENABLE_NS_ASSERTIONS = NO;
				ENABLE_STRICT_OBJC_MSGSEND = YES;
				GCC_C_LANGUAGE_STANDARD = gnu99;
				GCC_NO_COMMON_BLOCKS = YES;
				GCC_WARN_64_TO_32_BIT_CONVERSION = YES;
				GCC_WARN_ABOUT_RETURN_TYPE = YES_ERROR;
				GCC_WARN_UNDECLARED_SELECTOR = YES;
				GCC_WARN_UNINITIALIZED_AUTOS = YES_AGGRESSIVE;
				GCC_WARN_UNUSED_FUNCTION = YES;
				GCC_WARN_UNUSED_VARIABLE = YES;
				IPHONEOS_DEPLOYMENT_TARGET = 9.2;
				MTL_ENABLE_DEBUG_INFO = NO;
				SDKROOT = iphoneos;
				VALIDATE_PRODUCT = YES;
			};
			name = Release;
		};
		1B5EED661C89903000CE3649 /* Debug */ = {
			isa = XCBuildConfiguration;
			buildSettings = {
				ASSETCATALOG_COMPILER_APPICON_NAME = AppIcon;
				INFOPLIST_FILE = MTFileManager/Info.plist;
				LD_RUNPATH_SEARCH_PATHS = "$(inherited) @executable_path/Frameworks";
				PRODUCT_BUNDLE_IDENTIFIER = MT.MTFileManager;
				PRODUCT_NAME = "$(TARGET_NAME)";
			};
			name = Debug;
		};
		1B5EED671C89903000CE3649 /* Release */ = {
			isa = XCBuildConfiguration;
			buildSettings = {
				ASSETCATALOG_COMPILER_APPICON_NAME = AppIcon;
				INFOPLIST_FILE = MTFileManager/Info.plist;
				LD_RUNPATH_SEARCH_PATHS = "$(inherited) @executable_path/Frameworks";
				PRODUCT_BUNDLE_IDENTIFIER = MT.MTFileManager;
				PRODUCT_NAME = "$(TARGET_NAME)";
			};
			name = Release;
		};
/* End XCBuildConfiguration section */

/* Begin XCConfigurationList section */
		1B5EED491C89902F00CE3649 /* Build configuration list for PBXProject "MTFileManager" */ = {
			isa = XCConfigurationList;
			buildConfigurations = (
				1B5EED631C89903000CE3649 /* Debug */,
				1B5EED641C89903000CE3649 /* Release */,
			);
			defaultConfigurationIsVisible = 0;
			defaultConfigurationName = Release;
		};
		1B5EED651C89903000CE3649 /* Build configuration list for PBXNativeTarget "MTFileManager" */ = {
			isa = XCConfigurationList;
			buildConfigurations = (
				1B5EED661C89903000CE3649 /* Debug */,
				1B5EED671C89903000CE3649 /* Release */,
			);
			defaultConfigurationIsVisible = 0;
		};
/* End XCConfigurationList section */
	};
	rootObject = 1B5EED461C89902F00CE3649 /* Project object */;
}
